{
  "name": "express",
  "version": "1.0.0",
  "lockfileVersion": 1,
  "requires": true,
  "dependencies": {
    "abbrev": {
      "version": "1.1.1",
      "resolved": "https://registry.npmjs.org/abbrev/-/abbrev-1.1.1.tgz",
      "integrity": "sha512-nne9/IiQ/hzIhY6pdDnbBtz7DjPTKrY00P/zvPSm5pOFkl6xuGrGnXn/VtTNNfNtAfZ9/1RtehkszU9qcTii0Q=="
    },
    "accepts": {
      "version": "1.2.13",
      "resolved": "https://registry.npmjs.org/accepts/-/accepts-1.2.13.tgz",
      "integrity": "sha1-5fHzkoxtlf2WVYw27D2dDeSm7Oo=",
      "requires": {
        "mime-types": "~2.1.6",
        "negotiator": "0.5.3"
      }
    },
    "ambi": {
      "version": "2.5.0",
      "resolved": "http://registry.npmjs.org/ambi/-/ambi-2.5.0.tgz",
      "integrity": "sha1-fI43K+SIkRV+fOoBy2+RQ9H3QiA=",
      "requires": {
        "editions": "^1.1.1",
        "typechecker": "^4.3.0"
      },
      "dependencies": {
        "typechecker": {
          "version": "4.6.0",
          "resolved": "https://registry.npmjs.org/typechecker/-/typechecker-4.6.0.tgz",
          "integrity": "sha512-83OrXpyP3LNr7aRbLkt2nkjE/d7q8su8/uRvrKxCpswqVCVGOgyaKpaz8/MTjQqBYe4eLNuJ44pNakFZKqyPMA==",
          "requires": {
            "editions": "^2.0.2"
          },
          "dependencies": {
            "editions": {
              "version": "2.1.0",
              "resolved": "https://registry.npmjs.org/editions/-/editions-2.1.0.tgz",
              "integrity": "sha512-yKrimWcvOXcYXtqsOeebbMLynm9qbYVd0005wveGU2biPxJaJoxA0jtaZrxiMe3mAanLr5lxoYFVz5zjv9JdnA==",
              "requires": {
                "errlop": "^1.0.3",
                "semver": "^5.6.0"
              }
            }
          }
        }
      }
    },
    "array-flatten": {
      "version": "1.1.1",
      "resolved": "http://registry.npmjs.org/array-flatten/-/array-flatten-1.1.1.tgz",
      "integrity": "sha1-ml9pkFGx5wczKPKgCJaLZOopVdI="
    },
    "async": {
      "version": "1.5.2",
      "resolved": "http://registry.npmjs.org/async/-/async-1.5.2.tgz",
      "integrity": "sha1-7GphrlZIDAw8skHJVhjiCJL5Zyo="
    },
    "balanced-match": {
      "version": "1.0.0",
      "resolved": "https://registry.npmjs.org/balanced-match/-/balanced-match-1.0.0.tgz",
      "integrity": "sha1-ibTRmasr7kneFk6gK4nORi1xt2c="
    },
    "base64-url": {
      "version": "1.2.1",
      "resolved": "https://registry.npmjs.org/base64-url/-/base64-url-1.2.1.tgz",
      "integrity": "sha1-GZ/WYXAqDnt9yubgaYuwicUvbXg="
    },
    "body-parser": {
      "version": "1.14.2",
      "resolved": "http://registry.npmjs.org/body-parser/-/body-parser-1.14.2.tgz",
      "integrity": "sha1-EBXLH+LEQ4WCWVgdtTMy+NDPUPk=",
      "requires": {
        "bytes": "2.2.0",
        "content-type": "~1.0.1",
        "debug": "~2.2.0",
        "depd": "~1.1.0",
        "http-errors": "~1.3.1",
        "iconv-lite": "0.4.13",
        "on-finished": "~2.3.0",
        "qs": "5.2.0",
        "raw-body": "~2.1.5",
        "type-is": "~1.6.10"
      },
      "dependencies": {
        "qs": {
          "version": "5.2.0",
          "resolved": "http://registry.npmjs.org/qs/-/qs-5.2.0.tgz",
          "integrity": "sha1-qfMRQq9GjLcrJbMBNrokVoNJFr4="
        }
      }
    },
    "brace-expansion": {
      "version": "1.1.11",
      "resolved": "https://registry.npmjs.org/brace-expansion/-/brace-expansion-1.1.11.tgz",
      "integrity": "sha512-iCuPHDFgrHX7H2vEI/5xpz07zSHB00TpugqhmYtVmMO6518mCuRMoOYFldEBl0g187ufozdaHgWKcYFb61qGiA==",
      "requires": {
        "balanced-match": "^1.0.0",
        "concat-map": "0.0.1"
      }
    },
    "bytes": {
      "version": "2.2.0",
      "resolved": "https://registry.npmjs.org/bytes/-/bytes-2.2.0.tgz",
      "integrity": "sha1-/TVGSkA/b5EXwt42Cez/nK4ABYg="
    },
    "concat-map": {
      "version": "0.0.1",
      "resolved": "https://registry.npmjs.org/concat-map/-/concat-map-0.0.1.tgz",
      "integrity": "sha1-2Klr13/Wjfd5OnMDajug1UBdR3s="
    },
    "content-disposition": {
      "version": "0.5.1",
      "resolved": "https://registry.npmjs.org/content-disposition/-/content-disposition-0.5.1.tgz",
      "integrity": "sha1-h0dsamfI2qh+Muh2Ft+IO6f7Bxs="
    },
    "content-type": {
      "version": "1.0.4",
      "resolved": "https://registry.npmjs.org/content-type/-/content-type-1.0.4.tgz",
      "integrity": "sha512-hIP3EEPs8tB9AT1L+NUqtwOAps4mk2Zob89MWXMHjHWg9milF/j4osnnQLXBCBFBk/tvIG/tUc9mOUJiPBhPXA=="
    },
    "cookie": {
      "version": "0.1.5",
      "resolved": "https://registry.npmjs.org/cookie/-/cookie-0.1.5.tgz",
      "integrity": "sha1-armUiksa4hlSzSWIUwpHItQETXw="
    },
    "cookie-signature": {
      "version": "1.0.6",
      "resolved": "https://registry.npmjs.org/cookie-signature/-/cookie-signature-1.0.6.tgz",
      "integrity": "sha1-4wOogrNCzD7oylE6eZmXNNqzriw="
    },
    "crc": {
      "version": "3.4.0",
      "resolved": "https://registry.npmjs.org/crc/-/crc-3.4.0.tgz",
      "integrity": "sha1-QljjUWE6dO8RU9/LBeggw+lxXX8="
    },
    "csextends": {
      "version": "1.2.0",
      "resolved": "https://registry.npmjs.org/csextends/-/csextends-1.2.0.tgz",
      "integrity": "sha512-S/8k1bDTJIwuGgQYmsRoE+8P+ohV32WhQ0l4zqrc0XDdxOhjQQD7/wTZwCzoZX53jSX3V/qwjT+OkPTxWQcmjg=="
    },
    "debug": {
      "version": "2.2.0",
      "resolved": "http://registry.npmjs.org/debug/-/debug-2.2.0.tgz",
      "integrity": "sha1-+HBX6ZWxofauaklgZkE3vFbwOdo=",
      "requires": {
        "ms": "0.7.1"
      }
    },
    "depd": {
      "version": "1.1.2",
      "resolved": "https://registry.npmjs.org/depd/-/depd-1.1.2.tgz",
      "integrity": "sha1-m81S4UwJd2PnSbJ0xDRu0uVgtak="
    },
    "destroy": {
      "version": "1.0.4",
      "resolved": "https://registry.npmjs.org/destroy/-/destroy-1.0.4.tgz",
      "integrity": "sha1-l4hXRCxEdJ5CBmE+N5RiBYJqvYA="
    },
    "eachr": {
      "version": "2.0.4",
      "resolved": "https://registry.npmjs.org/eachr/-/eachr-2.0.4.tgz",
      "integrity": "sha1-Rm98qhBwj2EFCeMsgHqv5X/BIr8=",
      "requires": {
        "typechecker": "^2.0.8"
      }
    },
    "editions": {
      "version": "1.3.4",
      "resolved": "https://registry.npmjs.org/editions/-/editions-1.3.4.tgz",
      "integrity": "sha512-gzao+mxnYDzIysXKMQi/+M1mjy/rjestjg6OPoYTtI+3Izp23oiGZitsl9lPDPiTGXbcSIk1iJWhliSaglxnUg=="
    },
    "ee-first": {
      "version": "1.1.1",
      "resolved": "https://registry.npmjs.org/ee-first/-/ee-first-1.1.1.tgz",
      "integrity": "sha1-WQxhFWsK4vTwJVcyoViyZrxWsh0="
    },
    "ejs": {
      "version": "2.4.2",
      "resolved": "https://registry.npmjs.org/ejs/-/ejs-2.4.2.tgz",
      "integrity": "sha1-cFfrSBKVj7cxhBzZyjUzQ+/ll7E="
    },
    "errlop": {
      "version": "1.0.3",
      "resolved": "https://registry.npmjs.org/errlop/-/errlop-1.0.3.tgz",
      "integrity": "sha512-5VTnt0yikY4LlQEfCXVSqfE6oLj1HVM4zVSvAKMnoYjL/zrb6nqiLowZS4XlG7xENfyj7lpYWvT+wfSCr6dtlA==",
      "requires": {
        "editions": "^1.3.4"
      }
    },
    "escape-html": {
      "version": "1.0.3",
      "resolved": "https://registry.npmjs.org/escape-html/-/escape-html-1.0.3.tgz",
      "integrity": "sha1-Aljq5NPQwJdN4cFpGI7wBR0dGYg="
    },
    "etag": {
      "version": "1.7.0",
      "resolved": "https://registry.npmjs.org/etag/-/etag-1.7.0.tgz",
      "integrity": "sha1-A9MLX2fdbmMtKUXTDWZScxo01dg="
    },
    "express": {
      "version": "4.13.4",
      "resolved": "http://registry.npmjs.org/express/-/express-4.13.4.tgz",
      "integrity": "sha1-PAt288d1kMg0VzkGHsC9O6Bn7CQ=",
      "requires": {
        "accepts": "~1.2.12",
        "array-flatten": "1.1.1",
        "content-disposition": "0.5.1",
        "content-type": "~1.0.1",
        "cookie": "0.1.5",
        "cookie-signature": "1.0.6",
        "debug": "~2.2.0",
        "depd": "~1.1.0",
        "escape-html": "~1.0.3",
        "etag": "~1.7.0",
        "finalhandler": "0.4.1",
        "fresh": "0.3.0",
        "merge-descriptors": "1.0.1",
        "methods": "~1.1.2",
        "on-finished": "~2.3.0",
        "parseurl": "~1.3.1",
        "path-to-regexp": "0.1.7",
        "proxy-addr": "~1.0.10",
        "qs": "4.0.0",
        "range-parser": "~1.0.3",
        "send": "0.13.1",
        "serve-static": "~1.10.2",
        "type-is": "~1.6.6",
        "utils-merge": "1.0.0",
        "vary": "~1.0.1"
      }
    },
    "express-session": {
      "version": "1.13.0",
      "resolved": "http://registry.npmjs.org/express-session/-/express-session-1.13.0.tgz",
      "integrity": "sha1-isO1wBiLSDgoUdiCB7jndG77QBE=",
      "requires": {
        "cookie": "0.2.3",
        "cookie-signature": "1.0.6",
        "crc": "3.4.0",
        "debug": "~2.2.0",
        "depd": "~1.1.0",
        "on-headers": "~1.0.1",
        "parseurl": "~1.3.0",
        "uid-safe": "~2.0.0",
        "utils-merge": "1.0.0"
      },
      "dependencies": {
        "cookie": {
          "version": "0.2.3",
          "resolved": "https://registry.npmjs.org/cookie/-/cookie-0.2.3.tgz",
          "integrity": "sha1-GllTavaFN6IReKATRvh8sFnSrlw="
        }
      }
    },
    "extendr": {
      "version": "2.1.0",
      "resolved": "https://registry.npmjs.org/extendr/-/extendr-2.1.0.tgz",
      "integrity": "sha1-MBqgu+pWX00tyPVw8qImEahSe1Y=",
      "requires": {
        "typechecker": "~2.0.1"
      },
      "dependencies": {
        "typechecker": {
          "version": "2.0.8",
          "resolved": "http://registry.npmjs.org/typechecker/-/typechecker-2.0.8.tgz",
          "integrity": "sha1-6D2oS7ZMWEzLNFg4V2xAsDN9uC4="
        }
      }
    },
    "extract-opts": {
      "version": "2.2.0",
      "resolved": "https://registry.npmjs.org/extract-opts/-/extract-opts-2.2.0.tgz",
      "integrity": "sha1-H6KOunNSxttID4hc63GkaBC+bX0=",
      "requires": {
        "typechecker": "~2.0.1"
      },
      "dependencies": {
        "typechecker": {
          "version": "2.0.8",
          "resolved": "http://registry.npmjs.org/typechecker/-/typechecker-2.0.8.tgz",
          "integrity": "sha1-6D2oS7ZMWEzLNFg4V2xAsDN9uC4="
        }
      }
    },
    "finalhandler": {
      "version": "0.4.1",
      "resolved": "http://registry.npmjs.org/finalhandler/-/finalhandler-0.4.1.tgz",
      "integrity": "sha1-haF8bFmpRxfSYtYSMNSw6+PUoU0=",
      "requires": {
        "debug": "~2.2.0",
        "escape-html": "~1.0.3",
        "on-finished": "~2.3.0",
        "unpipe": "~1.0.0"
      }
    },
    "forwarded": {
      "version": "0.1.2",
      "resolved": "https://registry.npmjs.org/forwarded/-/forwarded-0.1.2.tgz",
      "integrity": "sha1-mMI9qxF1ZXuMBXPozszZGw/xjIQ="
    },
    "fresh": {
      "version": "0.3.0",
      "resolved": "https://registry.npmjs.org/fresh/-/fresh-0.3.0.tgz",
      "integrity": "sha1-ZR+DjiJCTnVm3hYdg1jKoZn4PU8="
    },
    "glob": {
      "version": "6.0.4",
      "resolved": "https://registry.npmjs.org/glob/-/glob-6.0.4.tgz",
      "integrity": "sha1-DwiGD2oVUSey+t1PnOJLGqtuTSI=",
      "requires": {
        "inflight": "^1.0.4",
        "inherits": "2",
        "minimatch": "2 || 3",
        "once": "^1.3.0",
        "path-is-absolute": "^1.0.0"
      }
    },
    "graceful-fs": {
      "version": "4.1.15",
      "resolved": "https://registry.npmjs.org/graceful-fs/-/graceful-fs-4.1.15.tgz",
      "integrity": "sha512-6uHUhOPEBgQ24HM+r6b/QwWfZq+yiFcipKFrOFiBEnWdy5sdzYoi+pJeQaPI5qOLRFqWmAXUPQNsielzdLoecA=="
    },
    "http-errors": {
      "version": "1.3.1",
      "resolved": "http://registry.npmjs.org/http-errors/-/http-errors-1.3.1.tgz",
      "integrity": "sha1-GX4izevUGYWF6GlO9nhhl7ke2UI=",
      "requires": {
        "inherits": "~2.0.1",
        "statuses": "1"
      }
    },
    "i18n": {
      "version": "0.8.3",
      "resolved": "http://registry.npmjs.org/i18n/-/i18n-0.8.3.tgz",
      "integrity": "sha1-LYzxwkciYCwgQdAbpq5eqlE4jw4=",
      "requires": {
        "debug": "*",
        "make-plural": "^3.0.3",
        "math-interval-parser": "^1.1.0",
        "messageformat": "^0.3.1",
        "mustache": "*",
        "sprintf-js": ">=1.0.3"
      }
    },
    "iconv-lite": {
      "version": "0.4.13",
      "resolved": "http://registry.npmjs.org/iconv-lite/-/iconv-lite-0.4.13.tgz",
      "integrity": "sha1-H4irpKsLFQjoMSrMOTRfNumS4vI="
    },
    "ignorefs": {
      "version": "1.2.0",
      "resolved": "https://registry.npmjs.org/ignorefs/-/ignorefs-1.2.0.tgz",
      "integrity": "sha1-2ln7hYl25KXkNwLM0fKC/byeV1Y=",
      "requires": {
        "editions": "^1.3.3",
        "ignorepatterns": "^1.1.0"
      }
    },
    "ignorepatterns": {
      "version": "1.1.0",
      "resolved": "https://registry.npmjs.org/ignorepatterns/-/ignorepatterns-1.1.0.tgz",
      "integrity": "sha1-rI9DbyI5td+2bV8NOpBKh6xnzF4="
    },
    "inflight": {
      "version": "1.0.6",
      "resolved": "https://registry.npmjs.org/inflight/-/inflight-1.0.6.tgz",
      "integrity": "sha1-Sb1jMdfQLQwJvJEKEHW6gWW1bfk=",
      "requires": {
        "once": "^1.3.0",
        "wrappy": "1"
      }
    },
    "inherits": {
      "version": "2.0.3",
      "resolved": "https://registry.npmjs.org/inherits/-/inherits-2.0.3.tgz",
      "integrity": "sha1-Yzwsg+PaQqUC9SRmAiSA9CCCYd4="
    },
    "ipaddr.js": {
      "version": "1.0.5",
      "resolved": "https://registry.npmjs.org/ipaddr.js/-/ipaddr.js-1.0.5.tgz",
      "integrity": "sha1-X6eM8wG4JceKvDBC2BJyMEnqI8c="
    },
    "make-plural": {
      "version": "3.0.6",
      "resolved": "http://registry.npmjs.org/make-plural/-/make-plural-3.0.6.tgz",
      "integrity": "sha1-IDOgO6wpC487uRJY9lud9+iwHKc=",
      "requires": {
        "minimist": "^1.2.0"
      }
    },
    "math-interval-parser": {
      "version": "1.1.0",
      "resolved": "https://registry.npmjs.org/math-interval-parser/-/math-interval-parser-1.1.0.tgz",
      "integrity": "sha1-2+2lsGsySZc8bfYXD94jhvCv2JM=",
      "requires": {
        "xregexp": "^2.0.0"
      }
    },
    "media-typer": {
      "version": "0.3.0",
      "resolved": "http://registry.npmjs.org/media-typer/-/media-typer-0.3.0.tgz",
      "integrity": "sha1-hxDXrwqmJvj/+hzgAWhUUmMlV0g="
    },
    "merge-descriptors": {
      "version": "1.0.1",
      "resolved": "https://registry.npmjs.org/merge-descriptors/-/merge-descriptors-1.0.1.tgz",
      "integrity": "sha1-sAqqVW3YtEVoFQ7J0blT8/kMu2E="
    },
    "messageformat": {
      "version": "0.3.1",
      "resolved": "https://registry.npmjs.org/messageformat/-/messageformat-0.3.1.tgz",
      "integrity": "sha1-5Y//gkXps5cXmeW0PbWLPpQX9aI=",
      "requires": {
        "async": "~1.5.2",
        "glob": "~6.0.4",
        "make-plural": "~3.0.3",
        "nopt": "~3.0.6",
        "watchr": "~2.4.13"
      }
    },
    "methods": {
      "version": "1.1.2",
      "resolved": "https://registry.npmjs.org/methods/-/methods-1.1.2.tgz",
      "integrity": "sha1-VSmk1nZUE07cxSZmVoNbD4Ua/O4="
    },
    "mime": {
      "version": "1.3.4",
      "resolved": "http://registry.npmjs.org/mime/-/mime-1.3.4.tgz",
      "integrity": "sha1-EV+eO2s9rylZmDyzjxSaLUDrXVM="
    },
    "mime-db": {
      "version": "1.37.0",
      "resolved": "https://registry.npmjs.org/mime-db/-/mime-db-1.37.0.tgz",
      "integrity": "sha512-R3C4db6bgQhlIhPU48fUtdVmKnflq+hRdad7IyKhtFj06VPNVdk2RhiYL3UjQIlso8L+YxAtFkobT0VK+S/ybg=="
    },
    "mime-types": {
      "version": "2.1.21",
      "resolved": "https://registry.npmjs.org/mime-types/-/mime-types-2.1.21.tgz",
      "integrity": "sha512-3iL6DbwpyLzjR3xHSFNFeb9Nz/M8WDkX33t1GFQnFOllWk8pOrh/LSrB5OXlnlW5P9LH73X6loW/eogc+F5lJg==",
      "requires": {
        "mime-db": "~1.37.0"
      }
    },
    "minimatch": {
      "version": "3.0.4",
      "resolved": "https://registry.npmjs.org/minimatch/-/minimatch-3.0.4.tgz",
      "integrity": "sha512-yJHVQEhyqPLUTgt9B83PXu6W3rx4MvvHvSUvToogpwoGDOUQ+yDrR0HRot+yOCdCO7u4hX3pWft6kWBBcqh0UA==",
      "requires": {
        "brace-expansion": "^1.1.7"
      }
    },
    "minimist": {
      "version": "1.2.0",
      "resolved": "http://registry.npmjs.org/minimist/-/minimist-1.2.0.tgz",
      "integrity": "sha1-o1AIsg9BOD7sH7kU9M1d95omQoQ=",
      "optional": true
    },
    "ms": {
      "version": "0.7.1",
      "resolved": "http://registry.npmjs.org/ms/-/ms-0.7.1.tgz",
      "integrity": "sha1-nNE8A62/8ltl7/3nzoZO6VIBcJg="
    },
    "mustache": {
      "version": "3.0.1",
      "resolved": "https://registry.npmjs.org/mustache/-/mustache-3.0.1.tgz",
      "integrity": "sha512-jFI/4UVRsRYdUbuDTKT7KzfOp7FiD5WzYmmwNwXyUVypC0xjoTL78Fqc0jHUPIvvGD+6DQSPHIt1NE7D1ArsqA=="
    },
    "negotiator": {
      "version": "0.5.3",
      "resolved": "https://registry.npmjs.org/negotiator/-/negotiator-0.5.3.tgz",
      "integrity": "sha1-Jp1cR2gQ7JLtvntsLygxY4T5p+g="
    },
    "nopt": {
      "version": "3.0.6",
      "resolved": "https://registry.npmjs.org/nopt/-/nopt-3.0.6.tgz",
      "integrity": "sha1-xkZdvwirzU2zWTF/eaxopkayj/k=",
      "requires": {
        "abbrev": "1"
      }
    },
    "on-finished": {
      "version": "2.3.0",
      "resolved": "https://registry.npmjs.org/on-finished/-/on-finished-2.3.0.tgz",
      "integrity": "sha1-IPEzZIGwg811M3mSoWlxqi2QaUc=",
      "requires": {
        "ee-first": "1.1.1"
      }
    },
    "on-headers": {
      "version": "1.0.1",
      "resolved": "https://registry.npmjs.org/on-headers/-/on-headers-1.0.1.tgz",
      "integrity": "sha1-ko9dD0cNSTQmUepnlLCFfBAGk/c="
    },
    "once": {
      "version": "1.4.0",
      "resolved": "https://registry.npmjs.org/once/-/once-1.4.0.tgz",
      "integrity": "sha1-WDsap3WWHUsROsF9nFC6753Xa9E=",
      "requires": {
        "wrappy": "1"
      }
    },
    "parseurl": {
      "version": "1.3.2",
      "resolved": "https://registry.npmjs.org/parseurl/-/parseurl-1.3.2.tgz",
      "integrity": "sha1-/CidTtiZMRlGDBViUyYs3I3mW/M="
    },
    "path-is-absolute": {
      "version": "1.0.1",
      "resolved": "http://registry.npmjs.org/path-is-absolute/-/path-is-absolute-1.0.1.tgz",
      "integrity": "sha1-F0uSaHNVNP+8es5r9TpanhtcX18="
    },
    "path-to-regexp": {
      "version": "0.1.7",
      "resolved": "https://registry.npmjs.org/path-to-regexp/-/path-to-regexp-0.1.7.tgz",
      "integrity": "sha1-32BBeABfUi8V60SQ5yR6G/qmf4w="
    },
    "proxy-addr": {
      "version": "1.0.10",
      "resolved": "https://registry.npmjs.org/proxy-addr/-/proxy-addr-1.0.10.tgz",
      "integrity": "sha1-DUCoL4Afw1VWfS7LZe/j8HfxIcU=",
      "requires": {
        "forwarded": "~0.1.0",
        "ipaddr.js": "1.0.5"
      }
    },
    "qs": {
      "version": "4.0.0",
      "resolved": "http://registry.npmjs.org/qs/-/qs-4.0.0.tgz",
      "integrity": "sha1-wx2bdOwn33XlQ6hseHKO2NRiNgc="
    },
    "range-parser": {
      "version": "1.0.3",
      "resolved": "https://registry.npmjs.org/range-parser/-/range-parser-1.0.3.tgz",
      "integrity": "sha1-aHKCNTXGkuLCoBA4Jq/YLC4P8XU="
    },
    "raw-body": {
      "version": "2.1.7",
      "resolved": "https://registry.npmjs.org/raw-body/-/raw-body-2.1.7.tgz",
      "integrity": "sha1-rf6s4uT7MJgFgBTQjActzFl1h3Q=",
      "requires": {
        "bytes": "2.4.0",
        "iconv-lite": "0.4.13",
        "unpipe": "1.0.0"
      },
      "dependencies": {
        "bytes": {
          "version": "2.4.0",
          "resolved": "https://registry.npmjs.org/bytes/-/bytes-2.4.0.tgz",
          "integrity": "sha1-fZcZb51br39pNeJZhVSe3SpsIzk="
        }
      }
    },
    "safefs": {
      "version": "3.2.2",
      "resolved": "https://registry.npmjs.org/safefs/-/safefs-3.2.2.tgz",
      "integrity": "sha1-gXDBRE1wOOCMrqBaN0+uL6NJ4Vw=",
      "requires": {
        "graceful-fs": "*"
      }
    },
    "scandirectory": {
      "version": "2.5.0",
      "resolved": "https://registry.npmjs.org/scandirectory/-/scandirectory-2.5.0.tgz",
      "integrity": "sha1-bOA/VKCQtmjjy+2/IO354xBZPnI=",
      "requires": {
        "ignorefs": "^1.0.0",
        "safefs": "^3.1.2",
        "taskgroup": "^4.0.5"
      }
    },
    "semver": {
      "version": "5.6.0",
      "resolved": "https://registry.npmjs.org/semver/-/semver-5.6.0.tgz",
      "integrity": "sha512-RS9R6R35NYgQn++fkDWaOmqGoj4Ek9gGs+DPxNUZKuwE183xjJroKvyo1IzVFeXvUrvmALy6FWD5xrdJT25gMg=="
    },
    "send": {
      "version": "0.13.1",
      "resolved": "https://registry.npmjs.org/send/-/send-0.13.1.tgz",
      "integrity": "sha1-ow1fTILIqbrprQCh2bG9vm8Zntc=",
      "requires": {
        "debug": "~2.2.0",
        "depd": "~1.1.0",
        "destroy": "~1.0.4",
        "escape-html": "~1.0.3",
        "etag": "~1.7.0",
        "fresh": "0.3.0",
        "http-errors": "~1.3.1",
        "mime": "1.3.4",
        "ms": "0.7.1",
        "on-finished": "~2.3.0",
        "range-parser": "~1.0.3",
        "statuses": "~1.2.1"
      }
    },
    "serve-static": {
      "version": "1.10.3",
      "resolved": "https://registry.npmjs.org/serve-static/-/serve-static-1.10.3.tgz",
      "integrity": "sha1-zlpuzTEB/tXsCYJ9rCKpwpv7BTU=",
      "requires": {
        "escape-html": "~1.0.3",
        "parseurl": "~1.3.1",
        "send": "0.13.2"
      },
      "dependencies": {
        "send": {
          "version": "0.13.2",
          "resolved": "https://registry.npmjs.org/send/-/send-0.13.2.tgz",
          "integrity": "sha1-dl52B8gFVFK7pvCwUllTUJhgNt4=",
          "requires": {
            "debug": "~2.2.0",
            "depd": "~1.1.0",
            "destroy": "~1.0.4",
            "escape-html": "~1.0.3",
            "etag": "~1.7.0",
            "fresh": "0.3.0",
            "http-errors": "~1.3.1",
            "mime": "1.3.4",
            "ms": "0.7.1",
            "on-finished": "~2.3.0",
            "range-parser": "~1.0.3",
            "statuses": "~1.2.1"
          }
        }
      }
    },
    "sprintf-js": {
      "version": "1.1.1",
      "resolved": "https://registry.npmjs.org/sprintf-js/-/sprintf-js-1.1.1.tgz",
      "integrity": "sha1-Nr54Mgr+WAH2zqPueLblqrlA6gw="
    },
    "statuses": {
      "version": "1.2.1",
      "resolved": "https://registry.npmjs.org/statuses/-/statuses-1.2.1.tgz",
      "integrity": "sha1-3e1FzBglbVHtQK7BQkidXGECbSg="
    },
    "taskgroup": {
      "version": "4.3.1",
      "resolved": "https://registry.npmjs.org/taskgroup/-/taskgroup-4.3.1.tgz",
      "integrity": "sha1-feGT/r12gnPEV3MElwJNUSwnkVo=",
      "requires": {
        "ambi": "^2.2.0",
        "csextends": "^1.0.3"
      }
    },
    "type-is": {
      "version": "1.6.16",
      "resolved": "https://registry.npmjs.org/type-is/-/type-is-1.6.16.tgz",
      "integrity": "sha512-HRkVv/5qY2G6I8iab9cI7v1bOIdhm94dVjQCPFElW9W+3GeDOSHmy2EBYe4VTApuzolPcmgFTN3ftVJRKR2J9Q==",
      "requires": {
        "media-typer": "0.3.0",
        "mime-types": "~2.1.18"
      }
    },
    "typechecker": {
      "version": "2.1.0",
      "resolved": "http://registry.npmjs.org/typechecker/-/typechecker-2.1.0.tgz",
      "integrity": "sha1-0cIJOlT/ihn1jP+HfuqlTyJC04M="
    },
    "uid-safe": {
      "version": "2.0.0",
      "resolved": "https://registry.npmjs.org/uid-safe/-/uid-safe-2.0.0.tgz",
      "integrity": "sha1-p/PGymSh9qXQTsDvPkw9U2cxcTc=",
      "requires": {
        "base64-url": "1.2.1"
      }
    },
    "unpipe": {
      "version": "1.0.0",
      "resolved": "https://registry.npmjs.org/unpipe/-/unpipe-1.0.0.tgz",
      "integrity": "sha1-sr9O6FFKrmFltIF4KdIbLvSZBOw="
    },
    "utils-merge": {
      "version": "1.0.0",
      "resolved": "https://registry.npmjs.org/utils-merge/-/utils-merge-1.0.0.tgz",
      "integrity": "sha1-ApT7kiu5N1FTVBxPcJYjHyh8ivg="
    },
    "vary": {
      "version": "1.0.1",
      "resolved": "https://registry.npmjs.org/vary/-/vary-1.0.1.tgz",
      "integrity": "sha1-meSYFWaihhGN+yuBc1ffeZM3bRA="
    },
    "watchr": {
      "version": "2.4.13",
      "resolved": "https://registry.npmjs.org/watchr/-/watchr-2.4.13.tgz",
      "integrity": "sha1-10hHu01vkPYf4sdPn2hmKqDgdgE=",
      "requires": {
        "eachr": "^2.0.2",
        "extendr": "^2.1.0",
        "extract-opts": "^2.2.0",
        "ignorefs": "^1.0.0",
        "safefs": "^3.1.2",
        "scandirectory": "^2.5.0",
        "taskgroup": "^4.2.0",
        "typechecker": "^2.0.8"
      }
    },
    "wrappy": {
      "version": "1.0.2",
      "resolved": "https://registry.npmjs.org/wrappy/-/wrappy-1.0.2.tgz",
      "integrity": "sha1-tSQ9jz7BqjXxNkYFvA0QNuMKtp8="
    },
    "xregexp": {
      "version": "2.0.0",
      "resolved": "https://registry.npmjs.org/xregexp/-/xregexp-2.0.0.tgz",
      "integrity": "sha1-UqY+VsoLhKfzpfPWGHLxJq16WUM="
    }
  }
}
